
Microsoft Visual Studio Solution File, Format Version 12.00
# Visual Studio Version 17
VisualStudioVersion = 17.2.32630.192
MinimumVisualStudioVersion = 10.0.40219.1
Project("{FAE04EC0-301F-11D3-BF4B-00C04F79EFBC}") = "assig7", "assig7\assig7.csproj", "{AE92FF5D-D8EA-40D6-8C22-57A089D39354}"
EndProject
Global
	GlobalSection(SolutionConfigurationPlatforms) = preSolution
		Debug|Any CPU = Debug|Any CPU
		Release|Any CPU = Release|Any CPU
	EndGlobalSection
	GlobalSection(ProjectConfigurationPlatforms) = postSolution
		{AE92FF5D-D8EA-40D6-8C22-57A089D39354}.Debug|Any CPU.ActiveCfg = Debug|Any CPU
		{AE92FF5D-D8EA-40D6-8C22-57A089D39354}.Debug|Any CPU.Build.0 = Debug|Any CPU
		{AE92FF5D-D8EA-40D6-8C22-57A089D39354}.Release|Any CPU.ActiveCfg = Release|Any CPU
		{AE92FF5D-D8EA-40D6-8C22-57A089D39354}.Release|Any CPU.Build.0 = Release|Any CPU
	EndGlobalSection
	GlobalSection(SolutionProperties) = preSolution
		HideSolutionNode = FALSE
	EndGlobalSection
	GlobalSection(ExtensibilityGlobals) = postSolution
		SolutionGuid = {C05EEE12-5D17-4744-A946-4F9E750651D5}
	EndGlobalSection
EndGlobal
